
Microsoft Visual Studio Solution File, Format Version 12.00
# Visual Studio Version 16
VisualStudioVersion = 16.0.30523.141
MinimumVisualStudioVersion = 10.0.40219.1
Project("{9A19103F-16F7-4668-BE54-9A1E7A4F7556}") = "TechnicalAssesmentOracle", "TechnicalAssesmentOracle.csproj", "{29BE3E8A-E60D-451F-9914-93CF8BC8BFDD}"
EndProject
Global
	GlobalSection(SolutionConfigurationPlatforms) = preSolution
		Debug|Any CPU = Debug|Any CPU
		Release|Any CPU = Release|Any CPU
	EndGlobalSection
	GlobalSection(ProjectConfigurationPlatforms) = postSolution
		{29BE3E8A-E60D-451F-9914-93CF8BC8BFDD}.Debug|Any CPU.ActiveCfg = Debug|Any CPU
		{29BE3E8A-E60D-451F-9914-93CF8BC8BFDD}.Debug|Any CPU.Build.0 = Debug|Any CPU
		{29BE3E8A-E60D-451F-9914-93CF8BC8BFDD}.Release|Any CPU.ActiveCfg = Release|Any CPU
		{29BE3E8A-E60D-451F-9914-93CF8BC8BFDD}.Release|Any CPU.Build.0 = Release|Any CPU
	EndGlobalSection
	GlobalSection(SolutionProperties) = preSolution
		HideSolutionNode = FALSE
	EndGlobalSection
	GlobalSection(ExtensibilityGlobals) = postSolution
		SolutionGuid = {654823D9-89C2-4116-A3B6-98EB42C2CF2E}
	EndGlobalSection
EndGlobal
